// !$*UTF8*$!
{
	archiveVersion = 1;
	classes = {
	};
	objectVersion = 50;
	objects = {

/* Begin PBXBuildFile section */
		041B52B022FC7F3D0009BD14 /* AppDelegate.swift in Sources */ = {isa = PBXBuildFile; fileRef = 041B52AF22FC7F3D0009BD14 /* AppDelegate.swift */; };
		041B52B522FC7F3D0009BD14 /* Main.storyboard in Resources */ = {isa = PBXBuildFile; fileRef = 041B52B322FC7F3D0009BD14 /* Main.storyboard */; };
		041B52BA22FC7F3F0009BD14 /* LaunchScreen.storyboard in Resources */ = {isa = PBXBuildFile; fileRef = 041B52B822FC7F3F0009BD14 /* LaunchScreen.storyboard */; };
		041B52C222FC81BE0009BD14 /* PeopleRandomizerViewController.swift in Sources */ = {isa = PBXBuildFile; fileRef = 041B52C122FC81BE0009BD14 /* PeopleRandomizerViewController.swift */; };
		041B52C422FC83310009BD14 /* MainViewController.swift in Sources */ = {isa = PBXBuildFile; fileRef = 041B52C322FC83310009BD14 /* MainViewController.swift */; };
		041B52C622FDACC10009BD14 /* Images.xcassets in Resources */ = {isa = PBXBuildFile; fileRef = 041B52C522FDACC10009BD14 /* Images.xcassets */; };
/* End PBXBuildFile section */

/* Begin PBXFileReference section */
		041B52AC22FC7F3D0009BD14 /* SurovtsevAV_HW6.app */ = {isa = PBXFileReference; explicitFileType = wrapper.application; includeInIndex = 0; path = SurovtsevAV_HW6.app; sourceTree = BUILT_PRODUCTS_DIR; };
		041B52AF22FC7F3D0009BD14 /* AppDelegate.swift */ = {isa = PBXFileReference; lastKnownFileType = sourcecode.swift; path = AppDelegate.swift; sourceTree = "<group>"; };
		041B52B422FC7F3D0009BD14 /* Base */ = {isa = PBXFileReference; lastKnownFileType = file.storyboard; name = Base; path = Base.lproj/Main.storyboard; sourceTree = "<group>"; };
		041B52B922FC7F3F0009BD14 /* Base */ = {isa = PBXFileReference; lastKnownFileType = file.storyboard; name = Base; path = Base.lproj/LaunchScreen.storyboard; sourceTree = "<group>"; };
		041B52BB22FC7F3F0009BD14 /* Info.plist */ = {isa = PBXFileReference; lastKnownFileType = text.plist.xml; path = Info.plist; sourceTree = "<group>"; };
		041B52C122FC81BE0009BD14 /* PeopleRandomizerViewController.swift */ = {isa = PBXFileReference; lastKnownFileType = sourcecode.swift; path = PeopleRandomizerViewController.swift; sourceTree = "<group>"; };
		041B52C322FC83310009BD14 /* MainViewController.swift */ = {isa = PBXFileReference; lastKnownFileType = sourcecode.swift; path = MainViewController.swift; sourceTree = "<group>"; };
		041B52C522FDACC10009BD14 /* Images.xcassets */ = {isa = PBXFileReference; lastKnownFileType = folder.assetcatalog; path = Images.xcassets; sourceTree = "<group>"; };
/* End PBXFileReference section */

/* Begin PBXFrameworksBuildPhase section */
		041B52A922FC7F3D0009BD14 /* Frameworks */ = {
			isa = PBXFrameworksBuildPhase;
			buildActionMask = 2147483647;
			files = (
			);
			runOnlyForDeploymentPostprocessing = 0;
		};
/* End PBXFrameworksBuildPhase section */

/* Begin PBXGroup section */
		041B52A322FC7F3D0009BD14 = {
			isa = PBXGroup;
			children = (
				041B52AE22FC7F3D0009BD14 /* SurovtsevAV_HW6 */,
				041B52AD22FC7F3D0009BD14 /* Products */,
			);
			sourceTree = "<group>";
		};
		041B52AD22FC7F3D0009BD14 /* Products */ = {
			isa = PBXGroup;
			children = (
				041B52AC22FC7F3D0009BD14 /* SurovtsevAV_HW6.app */,
			);
			name = Products;
			sourceTree = "<group>";
		};
		041B52AE22FC7F3D0009BD14 /* SurovtsevAV_HW6 */ = {
			isa = PBXGroup;
			children = (
				041B52AF22FC7F3D0009BD14 /* AppDelegate.swift */,
				041B52C122FC81BE0009BD14 /* PeopleRandomizerViewController.swift */,
				041B52C322FC83310009BD14 /* MainViewController.swift */,
				041B52B322FC7F3D0009BD14 /* Main.storyboard */,
				041B52B822FC7F3F0009BD14 /* LaunchScreen.storyboard */,
				041B52BB22FC7F3F0009BD14 /* Info.plist */,
				041B52C522FDACC10009BD14 /* Images.xcassets */,
			);
			path = SurovtsevAV_HW6;
			sourceTree = "<group>";
		};
/* End PBXGroup section */

/* Begin PBXNativeTarget section */
		041B52AB22FC7F3D0009BD14 /* SurovtsevAV_HW6 */ = {
			isa = PBXNativeTarget;
			buildConfigurationList = 041B52BE22FC7F3F0009BD14 /* Build configuration list for PBXNativeTarget "SurovtsevAV_HW6" */;
			buildPhases = (
				041B52A822FC7F3D0009BD14 /* Sources */,
				041B52A922FC7F3D0009BD14 /* Frameworks */,
				041B52AA22FC7F3D0009BD14 /* Resources */,
			);
			buildRules = (
			);
			dependencies = (
			);
			name = SurovtsevAV_HW6;
			productName = SurovtsevAV_HW6;
			productReference = 041B52AC22FC7F3D0009BD14 /* SurovtsevAV_HW6.app */;
			productType = "com.apple.product-type.application";
		};
/* End PBXNativeTarget section */

/* Begin PBXProject section */
		041B52A422FC7F3D0009BD14 /* Project object */ = {
			isa = PBXProject;
			attributes = {
				LastSwiftUpdateCheck = 1030;
				LastUpgradeCheck = 1030;
				ORGANIZATIONNAME = "Артем";
				TargetAttributes = {
					041B52AB22FC7F3D0009BD14 = {
						CreatedOnToolsVersion = 10.3;
					};
				};
			};
			buildConfigurationList = 041B52A722FC7F3D0009BD14 /* Build configuration list for PBXProject "SurovtsevAV_HW6" */;
			compatibilityVersion = "Xcode 9.3";
			developmentRegion = en;
			hasScannedForEncodings = 0;
			knownRegions = (
				en,
				Base,
			);
			mainGroup = 041B52A322FC7F3D0009BD14;
			productRefGroup = 041B52AD22FC7F3D0009BD14 /* Products */;
			projectDirPath = "";
			projectRoot = "";
			targets = (
				041B52AB22FC7F3D0009BD14 /* SurovtsevAV_HW6 */,
			);
		};
/* End PBXProject section */

/* Begin PBXResourcesBuildPhase section */
		041B52AA22FC7F3D0009BD14 /* Resources */ = {
			isa = PBXResourcesBuildPhase;
			buildActionMask = 2147483647;
			files = (
				041B52C622FDACC10009BD14 /* Images.xcassets in Resources */,
				041B52BA22FC7F3F0009BD14 /* LaunchScreen.storyboard in Resources */,
				041B52B522FC7F3D0009BD14 /* Main.storyboard in Resources */,
			);
			runOnlyForDeploymentPostprocessing = 0;
		};
/* End PBXResourcesBuildPhase section */

/* Begin PBXSourcesBuildPhase section */
		041B52A822FC7F3D0009BD14 /* Sources */ = {
			isa = PBXSourcesBuildPhase;
			buildActionMask = 2147483647;
			files = (
				041B52C422FC83310009BD14 /* MainViewController.swift in Sources */,
				041B52C222FC81BE0009BD14 /* PeopleRandomizerViewController.swift in Sources */,
				041B52B022FC7F3D0009BD14 /* AppDelegate.swift in Sources */,
			);
			runOnlyForDeploymentPostprocessing = 0;
		};
/* End PBXSourcesBuildPhase section */

/* Begin PBXVariantGroup section */
		041B52B322FC7F3D0009BD14 /* Main.storyboard */ = {
			isa = PBXVariantGroup;
			children = (
				041B52B422FC7F3D0009BD14 /* Base */,
			);
			name = Main.storyboard;
			sourceTree = "<group>";
		};
		041B52B822FC7F3F0009BD14 /* LaunchScreen.storyboard */ = {
			isa = PBXVariantGroup;
			children = (
				041B52B922FC7F3F0009BD14 /* Base */,
			);
			name = LaunchScreen.storyboard;
			sourceTree = "<group>";
		};
/* End PBXVariantGroup section */

/* Begin XCBuildConfiguration section */
		041B52BC22FC7F3F0009BD14 /* Debug */ = {
			isa = XCBuildConfiguration;
			buildSettings = {
				ALWAYS_SEARCH_USER_PATHS = NO;
				CLANG_ANALYZER_NONNULL = YES;
				CLANG_ANALYZER_NUMBER_OBJECT_CONVERSION = YES_AGGRESSIVE;
				CLANG_CXX_LANGUAGE_STANDARD = "gnu++14";
				CLANG_CXX_LIBRARY = "libc++";
				CLANG_ENABLE_MODULES = YES;
				CLANG_ENABLE_OBJC_ARC = YES;
				CLANG_ENABLE_OBJC_WEAK = YES;
				CLANG_WARN_BLOCK_CAPTURE_AUTORELEASING = YES;
				CLANG_WARN_BOOL_CONVERSION = YES;
				CLANG_WARN_COMMA = YES;
				CLANG_WARN_CONSTANT_CONVERSION = YES;
				CLANG_WARN_DEPRECATED_OBJC_IMPLEMENTATIONS = YES;
				CLANG_WARN_DIRECT_OBJC_ISA_USAGE = YES_ERROR;
				CLANG_WARN_DOCUMENTATION_COMMENTS = YES;
				CLANG_WARN_EMPTY_BODY = YES;
				CLANG_WARN_ENUM_CONVERSION = YES;
				CLANG_WARN_INFINITE_RECURSION = YES;
				CLANG_WARN_INT_CONVERSION = YES;
				CLANG_WARN_NON_LITERAL_NULL_CONVERSION = YES;
				CLANG_WARN_OBJC_IMPLICIT_RETAIN_SELF = YES;
				CLANG_WARN_OBJC_LITERAL_CONVERSION = YES;
				CLANG_WARN_OBJC_ROOT_CLASS = YES_ERROR;
				CLANG_WARN_RANGE_LOOP_ANALYSIS = YES;
				CLANG_WARN_STRICT_PROTOTYPES = YES;
				CLANG_WARN_SUSPICIOUS_MOVE = YES;
				CLANG_WARN_UNGUARDED_AVAILABILITY = YES_AGGRESSIVE;
				CLANG_WARN_UNREACHABLE_CODE = YES;
				CLANG_WARN__DUPLICATE_METHOD_MATCH = YES;
				CODE_SIGN_IDENTITY = "iPhone Developer";
				COPY_PHASE_STRIP = NO;
				DEBUG_INFORMATION_FORMAT = dwarf;
				ENABLE_STRICT_OBJC_MSGSEND = YES;
				ENABLE_TESTABILITY = YES;
				GCC_C_LANGUAGE_STANDARD = gnu11;
				GCC_DYNAMIC_NO_PIC = NO;
				GCC_NO_COMMON_BLOCKS = YES;
				GCC_OPTIMIZATION_LEVEL = 0;
				GCC_PREPROCESSOR_DEFINITIONS = (
					"DEBUG=1",
					"$(inherited)",
				);
				GCC_WARN_64_TO_32_BIT_CONVERSION = YES;
				GCC_WARN_ABOUT_RETURN_TYPE = YES_ERROR;
				GCC_WARN_UNDECLARED_SELECTOR = YES;
				GCC_WARN_UNINITIALIZED_AUTOS = YES_AGGRESSIVE;
				GCC_WARN_UNUSED_FUNCTION = YES;
				GCC_WARN_UNUSED_VARIABLE = YES;
				IPHONEOS_DEPLOYMENT_TARGET = 12.4;
				MTL_ENABLE_DEBUG_INFO = INCLUDE_SOURCE;
				MTL_FAST_MATH = YES;
				ONLY_ACTIVE_ARCH = YES;
				SDKROOT = iphoneos;
				SWIFT_ACTIVE_COMPILATION_CONDITIONS = DEBUG;
				SWIFT_OPTIMIZATION_LEVEL = "-Onone";
			};
			name = Debug;
		};
		041B52BD22FC7F3F0009BD14 /* Release */ = {
			isa = XCBuildConfiguration;
			buildSettings = {
				ALWAYS_SEARCH_USER_PATHS = NO;
				CLANG_ANALYZER_NONNULL = YES;
				CLANG_ANALYZER_NUMBER_OBJECT_CONVERSION = YES_AGGRESSIVE;
				CLANG_CXX_LANGUAGE_STANDARD = "gnu++14";
				CLANG_CXX_LIBRARY = "libc++";
				CLANG_ENABLE_MODULES = YES;
				CLANG_ENABLE_OBJC_ARC = YES;
				CLANG_ENABLE_OBJC_WEAK = YES;
				CLANG_WARN_BLOCK_CAPTURE_AUTORELEASING = YES;
				CLANG_WARN_BOOL_CONVERSION = YES;
				CLANG_WARN_COMMA = YES;
				CLANG_WARN_CONSTANT_CONVERSION = YES;
				CLANG_WARN_DEPRECATED_OBJC_IMPLEMENTATIONS = YES;
				CLANG_WARN_DIRECT_OBJC_ISA_USAGE = YES_ERROR;
				CLANG_WARN_DOCUMENTATION_COMMENTS = YES;
				CLANG_WARN_EMPTY_BODY = YES;
				CLANG_WARN_ENUM_CONVERSION = YES;
				CLANG_WARN_INFINITE_RECURSION = YES;
				CLANG_WARN_INT_CONVERSION = YES;
				CLANG_WARN_NON_LITERAL_NULL_CONVERSION = YES;
				CLANG_WARN_OBJC_IMPLICIT_RETAIN_SELF = YES;
				CLANG_WARN_OBJC_LITERAL_CONVERSION = YES;
				CLANG_WARN_OBJC_ROOT_CLASS = YES_ERROR;
				CLANG_WARN_RANGE_LOOP_ANALYSIS = YES;
				CLANG_WARN_STRICT_PROTOTYPES = YES;
				CLANG_WARN_SUSPICIOUS_MOVE = YES;
				CLANG_WARN_UNGUARDED_AVAILABILITY = YES_AGGRESSIVE;
				CLANG_WARN_UNREACHABLE_CODE = YES;
				CLANG_WARN__DUPLICATE_METHOD_MATCH = YES;
				CODE_SIGN_IDENTITY = "iPhone Developer";
				COPY_PHASE_STRIP = NO;
				DEBUG_INFORMATION_FORMAT = "dwarf-with-dsym";
				ENABLE_NS_ASSERTIONS = NO;
				ENABLE_STRICT_OBJC_MSGSEND = YES;
				GCC_C_LANGUAGE_STANDARD = gnu11;
				GCC_NO_COMMON_BLOCKS = YES;
				GCC_WARN_64_TO_32_BIT_CONVERSION = YES;
				GCC_WARN_ABOUT_RETURN_TYPE = YES_ERROR;
				GCC_WARN_UNDECLARED_SELECTOR = YES;
				GCC_WARN_UNINITIALIZED_AUTOS = YES_AGGRESSIVE;
				GCC_WARN_UNUSED_FUNCTION = YES;
				GCC_WARN_UNUSED_VARIABLE = YES;
				IPHONEOS_DEPLOYMENT_TARGET = 12.4;
				MTL_ENABLE_DEBUG_INFO = NO;
				MTL_FAST_MATH = YES;
				SDKROOT = iphoneos;
				SWIFT_COMPILATION_MODE = wholemodule;
				SWIFT_OPTIMIZATION_LEVEL = "-O";
				VALIDATE_PRODUCT = YES;
			};
			name = Release;
		};
		041B52BF22FC7F3F0009BD14 /* Debug */ = {
			isa = XCBuildConfiguration;
			buildSettings = {
				ASSETCATALOG_COMPILER_APPICON_NAME = AppIcon;
				ASSETCATALOG_COMPILER_LAUNCHIMAGE_NAME = LaunchImage;
				CODE_SIGN_STYLE = Automatic;
				DEVELOPMENT_TEAM = 9M2XQD5NDX;
				INFOPLIST_FILE = SurovtsevAV_HW6/Info.plist;
				IPHONEOS_DEPLOYMENT_TARGET = 11.0;
				LD_RUNPATH_SEARCH_PATHS = (
					"$(inherited)",
					"@executable_path/Frameworks",
				);
				PRODUCT_BUNDLE_IDENTIFIER = "ru.swiftbooks.SurovtsevAV-HW6";
				PRODUCT_NAME = "$(TARGET_NAME)";
				SWIFT_VERSION = 5.0;
				TARGETED_DEVICE_FAMILY = "1,2";
			};
			name = Debug;
		};
		041B52C022FC7F3F0009BD14 /* Release */ = {
			isa = XCBuildConfiguration;
			buildSettings = {
				ASSETCATALOG_COMPILER_APPICON_NAME = AppIcon;
				ASSETCATALOG_COMPILER_LAUNCHIMAGE_NAME = LaunchImage;
				CODE_SIGN_STYLE = Automatic;
				DEVELOPMENT_TEAM = 9M2XQD5NDX;
				INFOPLIST_FILE = SurovtsevAV_HW6/Info.plist;
				IPHONEOS_DEPLOYMENT_TARGET = 11.0;
				LD_RUNPATH_SEARCH_PATHS = (
					"$(inherited)",
					"@executable_path/Frameworks",
				);
				PRODUCT_BUNDLE_IDENTIFIER = "ru.swiftbooks.SurovtsevAV-HW6";
				PRODUCT_NAME = "$(TARGET_NAME)";
				SWIFT_VERSION = 5.0;
				TARGETED_DEVICE_FAMILY = "1,2";
			};
			name = Release;
		};
/* End XCBuildConfiguration section */

/* Begin XCConfigurationList section */
		041B52A722FC7F3D0009BD14 /* Build configuration list for PBXProject "SurovtsevAV_HW6" */ = {
			isa = XCConfigurationList;
			buildConfigurations = (
				041B52BC22FC7F3F0009BD14 /* Debug */,
				041B52BD22FC7F3F0009BD14 /* Release */,
			);
			defaultConfigurationIsVisible = 0;
			defaultConfigurationName = Release;
		};
		041B52BE22FC7F3F0009BD14 /* Build configuration list for PBXNativeTarget "SurovtsevAV_HW6" */ = {
			isa = XCConfigurationList;
			buildConfigurations = (
				041B52BF22FC7F3F0009BD14 /* Debug */,
				041B52C022FC7F3F0009BD14 /* Release */,
			);
			defaultConfigurationIsVisible = 0;
			defaultConfigurationName = Release;
		};
/* End XCConfigurationList section */
	};
	rootObject = 041B52A422FC7F3D0009BD14 /* Project object */;
}
